
Microsoft Visual Studio Solution File, Format Version 12.00
# Visual Studio Version 17
VisualStudioVersion = 17.4.33213.308
MinimumVisualStudioVersion = 10.0.40219.1
Project("{FAE04EC0-301F-11D3-BF4B-00C04F79EFBC}") = "01_zenix_notepad", "01_zenix_notepad.csproj", "{74E5F611-918C-47DA-95E3-4C9E2FCA475E}"
EndProject
Global
	GlobalSection(SolutionConfigurationPlatforms) = preSolution
		Debug|Any CPU = Debug|Any CPU
		Release|Any CPU = Release|Any CPU
	EndGlobalSection
	GlobalSection(ProjectConfigurationPlatforms) = postSolution
		{74E5F611-918C-47DA-95E3-4C9E2FCA475E}.Debug|Any CPU.ActiveCfg = Debug|Any CPU
		{74E5F611-918C-47DA-95E3-4C9E2FCA475E}.Debug|Any CPU.Build.0 = Debug|Any CPU
		{74E5F611-918C-47DA-95E3-4C9E2FCA475E}.Release|Any CPU.ActiveCfg = Release|Any CPU
		{74E5F611-918C-47DA-95E3-4C9E2FCA475E}.Release|Any CPU.Build.0 = Release|Any CPU
	EndGlobalSection
	GlobalSection(SolutionProperties) = preSolution
		HideSolutionNode = FALSE
	EndGlobalSection
	GlobalSection(ExtensibilityGlobals) = postSolution
		SolutionGuid = {123F594F-EF29-4784-B9C4-FCBB18FD34ED}
	EndGlobalSection
EndGlobal
